
Microsoft Visual Studio Solution File, Format Version 12.00
# Visual Studio 15
VisualStudioVersion = 15.0.28010.2003
MinimumVisualStudioVersion = 10.0.40219.1
Project("{FAE04EC0-301F-11D3-BF4B-00C04F79EFBC}") = "WordByWord", "WordByWord\WordByWord.csproj", "{0299B7A7-8636-44E0-926F-43A0D6763968}"
EndProject
Project("{FAE04EC0-301F-11D3-BF4B-00C04F79EFBC}") = "WordByWord.Test", "WordByWord.Test\WordByWord.Test.csproj", "{ED943488-D716-4138-B42E-9E1B59D227C0}"
EndProject
Global
	GlobalSection(SolutionConfigurationPlatforms) = preSolution
		Debug|Any CPU = Debug|Any CPU
		Release|Any CPU = Release|Any CPU
	EndGlobalSection
	GlobalSection(ProjectConfigurationPlatforms) = postSolution
		{0299B7A7-8636-44E0-926F-43A0D6763968}.Debug|Any CPU.ActiveCfg = Debug|Any CPU
		{0299B7A7-8636-44E0-926F-43A0D6763968}.Debug|Any CPU.Build.0 = Debug|Any CPU
		{0299B7A7-8636-44E0-926F-43A0D6763968}.Release|Any CPU.ActiveCfg = Release|Any CPU
		{0299B7A7-8636-44E0-926F-43A0D6763968}.Release|Any CPU.Build.0 = Release|Any CPU
		{ED943488-D716-4138-B42E-9E1B59D227C0}.Debug|Any CPU.ActiveCfg = Debug|Any CPU
		{ED943488-D716-4138-B42E-9E1B59D227C0}.Debug|Any CPU.Build.0 = Debug|Any CPU
		{ED943488-D716-4138-B42E-9E1B59D227C0}.Release|Any CPU.ActiveCfg = Release|Any CPU
		{ED943488-D716-4138-B42E-9E1B59D227C0}.Release|Any CPU.Build.0 = Release|Any CPU
	EndGlobalSection
	GlobalSection(SolutionProperties) = preSolution
		HideSolutionNode = FALSE
	EndGlobalSection
	GlobalSection(ExtensibilityGlobals) = postSolution
		SolutionGuid = {746BBB2E-0DEA-438E-A45E-DC013415D9CE}
	EndGlobalSection
EndGlobal
